// !$*UTF8*$!
{
	archiveVersion = 1;
	classes = {
	};
	objectVersion = 70;
	objects = {

/* Begin PBXBuildFile section */
		110E27332E37B00200F2F6B3 /* MessageKit in Frameworks */ = {isa = PBXBuildFile; productRef = 110E27322E37B00200F2F6B3 /* MessageKit */; };
		111C37B32E09E36100FCA06D /* FirebaseStorage in Frameworks */ = {isa = PBXBuildFile; productRef = 111C37B22E09E36100FCA06D /* FirebaseStorage */; };
		111FCE452E3E78EC00433835 /* DailyChallenges.xcstrings in Resources */ = {isa = PBXBuildFile; fileRef = 111FCE442E3E78EC00433835 /* DailyChallenges.xcstrings */; };
		111FEC662DF38CDD00CB1034 /* ConfettiSwiftUI in Frameworks */ = {isa = PBXBuildFile; productRef = 111FEC652DF38CDD00CB1034 /* ConfettiSwiftUI */; };
		1134036D2E3B81BB00CC4CA1 /* FirebaseCore in Frameworks */ = {isa = PBXBuildFile; productRef = 1134036C2E3B81BB00CC4CA1 /* FirebaseCore */; };
		11384DC02E0A6E0F004E7AF3 /* WidgetKit.framework in Frameworks */ = {isa = PBXBuildFile; fileRef = 11384DBF2E0A6E0F004E7AF3 /* WidgetKit.framework */; };
		11384DC22E0A6E0F004E7AF3 /* SwiftUI.framework in Frameworks */ = {isa = PBXBuildFile; fileRef = 11384DC12E0A6E0F004E7AF3 /* SwiftUI.framework */; };
		11384DD32E0A6E11004E7AF3 /* Love2LoveWidgetExtension.appex in Embed Foundation Extensions */ = {isa = PBXBuildFile; fileRef = 11384DBD2E0A6E0F004E7AF3 /* Love2LoveWidgetExtension.appex */; settings = {ATTRIBUTES = (RemoveHeadersOnCopy, ); }; };
		11414E772E33F8EE00C2D157 /* SwiftyCrop in Frameworks */ = {isa = PBXBuildFile; productRef = 11414E762E33F8EE00C2D157 /* SwiftyCrop */; };
		114781F72E3A8E0E006E28E0 /* FirebaseAppCheck in Frameworks */ = {isa = PBXBuildFile; productRef = 114781F62E3A8E0E006E28E0 /* FirebaseAppCheck */; };
		114926262DF23223009F7AFA /* RealmSwift in Frameworks */ = {isa = PBXBuildFile; productRef = 114926252DF23223009F7AFA /* RealmSwift */; };
		1149266F2DF241C5009F7AFA /* RealmSwift in Frameworks */ = {isa = PBXBuildFile; productRef = 1149266E2DF241C5009F7AFA /* RealmSwift */; };
		1149278C2DF243DD009F7AFA /* RealmSwift in Embed Frameworks */ = {isa = PBXBuildFile; productRef = 114926252DF23223009F7AFA /* RealmSwift */; settings = {ATTRIBUTES = (CodeSignOnCopy, ); }; };
		1175AAD72E2599A300850937 /* InfoPlist.xcstrings in Resources */ = {isa = PBXBuildFile; fileRef = 1175AAD62E2599A200850937 /* InfoPlist.xcstrings */; };
		1175AAD82E2599A300850937 /* InfoPlist.xcstrings in Resources */ = {isa = PBXBuildFile; fileRef = 1175AAD62E2599A200850937 /* InfoPlist.xcstrings */; };
		11849DC02E251E16000B9FCF /* PourRire.xcstrings in Resources */ = {isa = PBXBuildFile; fileRef = 11849DBF2E251E14000B9FCF /* PourRire.xcstrings */; };
		11849DC12E251E16000B9FCF /* PourRire.xcstrings in Resources */ = {isa = PBXBuildFile; fileRef = 11849DBF2E251E14000B9FCF /* PourRire.xcstrings */; };
		11849DC32E251E1A000B9FCF /* Localizable.xcstrings in Resources */ = {isa = PBXBuildFile; fileRef = 11849DC22E251E16000B9FCF /* Localizable.xcstrings */; };
		11849DC42E251E1A000B9FCF /* Localizable.xcstrings in Resources */ = {isa = PBXBuildFile; fileRef = 11849DC22E251E16000B9FCF /* Localizable.xcstrings */; };
		11849DC62E251E1E000B9FCF /* PourUnDate.xcstrings in Resources */ = {isa = PBXBuildFile; fileRef = 11849DC52E251E1A000B9FCF /* PourUnDate.xcstrings */; };
		11849DC72E251E1E000B9FCF /* PourUnDate.xcstrings in Resources */ = {isa = PBXBuildFile; fileRef = 11849DC52E251E1A000B9FCF /* PourUnDate.xcstrings */; };
		11849DC92E251E24000B9FCF /* ADistance.xcstrings in Resources */ = {isa = PBXBuildFile; fileRef = 11849DC82E251E1E000B9FCF /* ADistance.xcstrings */; };
		11849DCA2E251E24000B9FCF /* ADistance.xcstrings in Resources */ = {isa = PBXBuildFile; fileRef = 11849DC82E251E1E000B9FCF /* ADistance.xcstrings */; };
		11849DCC2E251E2B000B9FCF /* EnCouple.xcstrings in Resources */ = {isa = PBXBuildFile; fileRef = 11849DCB2E251E24000B9FCF /* EnCouple.xcstrings */; };
		11849DCD2E251E2B000B9FCF /* EnCouple.xcstrings in Resources */ = {isa = PBXBuildFile; fileRef = 11849DCB2E251E24000B9FCF /* EnCouple.xcstrings */; };
		11849DCF2E251E32000B9FCF /* UI.xcstrings in Resources */ = {isa = PBXBuildFile; fileRef = 11849DCE2E251E2B000B9FCF /* UI.xcstrings */; };
		11849DD02E251E32000B9FCF /* UI.xcstrings in Resources */ = {isa = PBXBuildFile; fileRef = 11849DCE2E251E2B000B9FCF /* UI.xcstrings */; };
		11849DD22E251E39000B9FCF /* QuestionsProfondes.xcstrings in Resources */ = {isa = PBXBuildFile; fileRef = 11849DD12E251E32000B9FCF /* QuestionsProfondes.xcstrings */; };
		11849DD32E251E39000B9FCF /* QuestionsProfondes.xcstrings in Resources */ = {isa = PBXBuildFile; fileRef = 11849DD12E251E32000B9FCF /* QuestionsProfondes.xcstrings */; };
		11849DD52E251E40000B9FCF /* TuPreferes.xcstrings in Resources */ = {isa = PBXBuildFile; fileRef = 11849DD42E251E39000B9FCF /* TuPreferes.xcstrings */; };
		11849DD62E251E40000B9FCF /* TuPreferes.xcstrings in Resources */ = {isa = PBXBuildFile; fileRef = 11849DD42E251E39000B9FCF /* TuPreferes.xcstrings */; };
		11849DD82E251E47000B9FCF /* Categories.xcstrings in Resources */ = {isa = PBXBuildFile; fileRef = 11849DD72E251E40000B9FCF /* Categories.xcstrings */; };
		11849DD92E251E47000B9FCF /* Categories.xcstrings in Resources */ = {isa = PBXBuildFile; fileRef = 11849DD72E251E40000B9FCF /* Categories.xcstrings */; };
		11849DDB2E251E4F000B9FCF /* LesPlus Hots.xcstrings in Resources */ = {isa = PBXBuildFile; fileRef = 11849DDA2E251E47000B9FCF /* LesPlus Hots.xcstrings */; };
		11849DDC2E251E4F000B9FCF /* LesPlus Hots.xcstrings in Resources */ = {isa = PBXBuildFile; fileRef = 11849DDA2E251E47000B9FCF /* LesPlus Hots.xcstrings */; };
		11849DDE2E251E56000B9FCF /* MieuxEnsemble.xcstrings in Resources */ = {isa = PBXBuildFile; fileRef = 11849DDD2E251E4F000B9FCF /* MieuxEnsemble.xcstrings */; };
		11849DDF2E251E56000B9FCF /* MieuxEnsemble.xcstrings in Resources */ = {isa = PBXBuildFile; fileRef = 11849DDD2E251E4F000B9FCF /* MieuxEnsemble.xcstrings */; };
		1188F9862DF09230005B5328 /* FirebaseAuth in Frameworks */ = {isa = PBXBuildFile; productRef = 1188F9852DF09230005B5328 /* FirebaseAuth */; };
		1188F9882DF09230005B5328 /* FirebaseFirestore in Frameworks */ = {isa = PBXBuildFile; productRef = 1188F9872DF09230005B5328 /* FirebaseFirestore */; };
		1188F98A2DF09230005B5328 /* FirebaseFunctions in Frameworks */ = {isa = PBXBuildFile; productRef = 1188F9892DF09230005B5328 /* FirebaseFunctions */; };
		119F18A32E3B86E70085541F /* RevenueCat in Frameworks */ = {isa = PBXBuildFile; productRef = 119F18A22E3B86E70085541F /* RevenueCat */; };
		119F18A52E3B8E210085541F /* FirebaseAnalytics in Frameworks */ = {isa = PBXBuildFile; productRef = 119F18A42E3B8E210085541F /* FirebaseAnalytics */; };
		11A0B95D2E30270000508826 /* DailyQuestions.xcstrings in Resources */ = {isa = PBXBuildFile; fileRef = 11A0B95C2E30270000508826 /* DailyQuestions.xcstrings */; };
		11D7F2542E326D560019BC3E /* FirebaseMessaging in Frameworks */ = {isa = PBXBuildFile; productRef = 11D7F2532E326D560019BC3E /* FirebaseMessaging */; };
		11FE3CCC2DF0C8B600F58DB2 /* README.md in Resources */ = {isa = PBXBuildFile; fileRef = 11FE3CA92DF0C8B600F58DB2 /* README.md */; };
		11FE3CCD2DF0C8B600F58DB2 /* CoupleApp.storekit in Resources */ = {isa = PBXBuildFile; fileRef = 11FE3CA02DF0C8B600F58DB2 /* CoupleApp.storekit */; };
		11FE3CCE2DF0C8B600F58DB2 /* Assets.xcassets in Resources */ = {isa = PBXBuildFile; fileRef = 11FE3C9E2DF0C8B600F58DB2 /* Assets.xcassets */; };
		11FE3CCF2DF0C8B600F58DB2 /* GoogleService-Info.plist in Resources */ = {isa = PBXBuildFile; fileRef = 11FE3CA32DF0C8B600F58DB2 /* GoogleService-Info.plist */; };
/* End PBXBuildFile section */

/* Begin PBXContainerItemProxy section */
		11384DD12E0A6E11004E7AF3 /* PBXContainerItemProxy */ = {
			isa = PBXContainerItemProxy;
			containerPortal = 1A000000294A1234567890A6 /* Project object */;
			proxyType = 1;
			remoteGlobalIDString = 11384DBC2E0A6E0F004E7AF3;
			remoteInfo = Love2LoveWidgetExtension;
		};
/* End PBXContainerItemProxy section */

/* Begin PBXCopyFilesBuildPhase section */
		11384DD42E0A6E11004E7AF3 /* Embed Foundation Extensions */ = {
			isa = PBXCopyFilesBuildPhase;
			buildActionMask = 2147483647;
			dstPath = "";
			dstSubfolderSpec = 13;
			files = (
				11384DD32E0A6E11004E7AF3 /* Love2LoveWidgetExtension.appex in Embed Foundation Extensions */,
			);
			name = "Embed Foundation Extensions";
			runOnlyForDeploymentPostprocessing = 0;
		};
		1149278D2DF243DD009F7AFA /* Embed Frameworks */ = {
			isa = PBXCopyFilesBuildPhase;
			buildActionMask = 2147483647;
			dstPath = "";
			dstSubfolderSpec = 10;
			files = (
				1149278C2DF243DD009F7AFA /* RealmSwift in Embed Frameworks */,
			);
			name = "Embed Frameworks";
			runOnlyForDeploymentPostprocessing = 0;
		};
/* End PBXCopyFilesBuildPhase section */

/* Begin PBXFileReference section */
		111FCE442E3E78EC00433835 /* DailyChallenges.xcstrings */ = {isa = PBXFileReference; lastKnownFileType = text.json.xcstrings; path = DailyChallenges.xcstrings; sourceTree = "<group>"; };
		11384DBD2E0A6E0F004E7AF3 /* Love2LoveWidgetExtension.appex */ = {isa = PBXFileReference; explicitFileType = "wrapper.app-extension"; includeInIndex = 0; path = Love2LoveWidgetExtension.appex; sourceTree = BUILT_PRODUCTS_DIR; };
		11384DBF2E0A6E0F004E7AF3 /* WidgetKit.framework */ = {isa = PBXFileReference; lastKnownFileType = wrapper.framework; name = WidgetKit.framework; path = System/Library/Frameworks/WidgetKit.framework; sourceTree = SDKROOT; };
		11384DC12E0A6E0F004E7AF3 /* SwiftUI.framework */ = {isa = PBXFileReference; lastKnownFileType = wrapper.framework; name = SwiftUI.framework; path = System/Library/Frameworks/SwiftUI.framework; sourceTree = SDKROOT; };
		11384DDA2E0A6F1E004E7AF3 /* Love2LoveWidgetExtension.entitlements */ = {isa = PBXFileReference; lastKnownFileType = text.plist.entitlements; path = Love2LoveWidgetExtension.entitlements; sourceTree = "<group>"; };
		1175AAD62E2599A200850937 /* InfoPlist.xcstrings */ = {isa = PBXFileReference; lastKnownFileType = text.json.xcstrings; path = InfoPlist.xcstrings; sourceTree = "<group>"; };
		11849DBF2E251E14000B9FCF /* PourRire.xcstrings */ = {isa = PBXFileReference; lastKnownFileType = text.json.xcstrings; path = PourRire.xcstrings; sourceTree = "<group>"; };
		11849DC22E251E16000B9FCF /* Localizable.xcstrings */ = {isa = PBXFileReference; lastKnownFileType = text.json.xcstrings; path = Localizable.xcstrings; sourceTree = "<group>"; };
		11849DC52E251E1A000B9FCF /* PourUnDate.xcstrings */ = {isa = PBXFileReference; lastKnownFileType = text.json.xcstrings; path = PourUnDate.xcstrings; sourceTree = "<group>"; };
		11849DC82E251E1E000B9FCF /* ADistance.xcstrings */ = {isa = PBXFileReference; lastKnownFileType = text.json.xcstrings; path = ADistance.xcstrings; sourceTree = "<group>"; };
		11849DCB2E251E24000B9FCF /* EnCouple.xcstrings */ = {isa = PBXFileReference; lastKnownFileType = text.json.xcstrings; path = EnCouple.xcstrings; sourceTree = "<group>"; };
		11849DCE2E251E2B000B9FCF /* UI.xcstrings */ = {isa = PBXFileReference; lastKnownFileType = text.json.xcstrings; path = UI.xcstrings; sourceTree = "<group>"; };
		11849DD12E251E32000B9FCF /* QuestionsProfondes.xcstrings */ = {isa = PBXFileReference; lastKnownFileType = text.json.xcstrings; path = QuestionsProfondes.xcstrings; sourceTree = "<group>"; };
		11849DD42E251E39000B9FCF /* TuPreferes.xcstrings */ = {isa = PBXFileReference; lastKnownFileType = text.json.xcstrings; path = TuPreferes.xcstrings; sourceTree = "<group>"; };
		11849DD72E251E40000B9FCF /* Categories.xcstrings */ = {isa = PBXFileReference; lastKnownFileType = text.json.xcstrings; path = Categories.xcstrings; sourceTree = "<group>"; };
		11849DDA2E251E47000B9FCF /* LesPlus Hots.xcstrings */ = {isa = PBXFileReference; lastKnownFileType = text.json.xcstrings; path = "LesPlus Hots.xcstrings"; sourceTree = "<group>"; };
		11849DDD2E251E4F000B9FCF /* MieuxEnsemble.xcstrings */ = {isa = PBXFileReference; lastKnownFileType = text.json.xcstrings; path = MieuxEnsemble.xcstrings; sourceTree = "<group>"; };
		11A0B95C2E30270000508826 /* DailyQuestions.xcstrings */ = {isa = PBXFileReference; lastKnownFileType = text.json.xcstrings; path = DailyQuestions.xcstrings; sourceTree = "<group>"; };
		11FE3C9E2DF0C8B600F58DB2 /* Assets.xcassets */ = {isa = PBXFileReference; lastKnownFileType = folder.assetcatalog; path = Assets.xcassets; sourceTree = "<group>"; };
		11FE3C9F2DF0C8B600F58DB2 /* CoupleApp.entitlements */ = {isa = PBXFileReference; lastKnownFileType = text.plist.entitlements; path = CoupleApp.entitlements; sourceTree = "<group>"; };
		11FE3CA02DF0C8B600F58DB2 /* CoupleApp.storekit */ = {isa = PBXFileReference; lastKnownFileType = text; path = CoupleApp.storekit; sourceTree = "<group>"; };
		11FE3CA12DF0C8B600F58DB2 /* CoupleApp.xcodeproj */ = {isa = PBXFileReference; lastKnownFileType = "wrapper.pb-project"; path = CoupleApp.xcodeproj; sourceTree = "<group>"; };
		11FE3CA32DF0C8B600F58DB2 /* GoogleService-Info.plist */ = {isa = PBXFileReference; lastKnownFileType = text.plist.xml; path = "GoogleService-Info.plist"; sourceTree = "<group>"; };
		11FE3CA92DF0C8B600F58DB2 /* README.md */ = {isa = PBXFileReference; lastKnownFileType = net.daringfireball.markdown; path = README.md; sourceTree = "<group>"; };
		1A000001294A1234567890AA /* CoupleApp.app */ = {isa = PBXFileReference; explicitFileType = wrapper.application; includeInIndex = 0; path = CoupleApp.app; sourceTree = BUILT_PRODUCTS_DIR; };
/* End PBXFileReference section */

/* Begin PBXFileSystemSynchronizedBuildFileExceptionSet section */
		11384DD72E0A6E11004E7AF3 /* PBXFileSystemSynchronizedBuildFileExceptionSet */ = {
			isa = PBXFileSystemSynchronizedBuildFileExceptionSet;
			membershipExceptions = (
				Info.plist,
			);
			target = 11384DBC2E0A6E0F004E7AF3 /* Love2LoveWidgetExtension */;
		};
/* End PBXFileSystemSynchronizedBuildFileExceptionSet section */

/* Begin PBXFileSystemSynchronizedRootGroup section */
		11384DC32E0A6E0F004E7AF3 /* Love2LoveWidget */ = {isa = PBXFileSystemSynchronizedRootGroup; exceptions = (11384DD72E0A6E11004E7AF3 /* PBXFileSystemSynchronizedBuildFileExceptionSet */, ); explicitFileTypes = {}; explicitFolders = (); path = Love2LoveWidget; sourceTree = "<group>"; };
		1175AAA82E252E6100850937 /* Utils */ = {isa = PBXFileSystemSynchronizedRootGroup; explicitFileTypes = {}; explicitFolders = (); path = Utils; sourceTree = "<group>"; };
		11FE3C9C2DF0C8B600F58DB2 /* App */ = {isa = PBXFileSystemSynchronizedRootGroup; explicitFileTypes = {}; explicitFolders = (); path = App; sourceTree = "<group>"; };
		11FE3CA62DF0C8B600F58DB2 /* Models */ = {isa = PBXFileSystemSynchronizedRootGroup; explicitFileTypes = {}; explicitFolders = (); path = Models; sourceTree = "<group>"; };
		11FE3CAD2DF0C8B600F58DB2 /* Services */ = {isa = PBXFileSystemSynchronizedRootGroup; explicitFileTypes = {}; explicitFolders = (); path = Services; sourceTree = "<group>"; };
		11FE3CB02DF0C8B600F58DB2 /* ViewModels */ = {isa = PBXFileSystemSynchronizedRootGroup; explicitFileTypes = {}; explicitFolders = (); path = ViewModels; sourceTree = "<group>"; };
		11FE3CC62DF0C8B600F58DB2 /* Views */ = {isa = PBXFileSystemSynchronizedRootGroup; explicitFileTypes = {}; explicitFolders = (); path = Views; sourceTree = "<group>"; };
/* End PBXFileSystemSynchronizedRootGroup section */

/* Begin PBXFrameworksBuildPhase section */
		11384DBA2E0A6E0F004E7AF3 /* Frameworks */ = {
			isa = PBXFrameworksBuildPhase;
			buildActionMask = 2147483647;
			files = (
				11384DC22E0A6E0F004E7AF3 /* SwiftUI.framework in Frameworks */,
				11384DC02E0A6E0F004E7AF3 /* WidgetKit.framework in Frameworks */,
			);
			runOnlyForDeploymentPostprocessing = 0;
		};
		1A000000294A1234567890A9 /* Frameworks */ = {
			isa = PBXFrameworksBuildPhase;
			buildActionMask = 2147483647;
			files = (
				119F18A52E3B8E210085541F /* FirebaseAnalytics in Frameworks */,
				11D7F2542E326D560019BC3E /* FirebaseMessaging in Frameworks */,
				111FEC662DF38CDD00CB1034 /* ConfettiSwiftUI in Frameworks */,
				114926262DF23223009F7AFA /* RealmSwift in Frameworks */,
				1188F9862DF09230005B5328 /* FirebaseAuth in Frameworks */,
				1188F9882DF09230005B5328 /* FirebaseFirestore in Frameworks */,
				11414E772E33F8EE00C2D157 /* SwiftyCrop in Frameworks */,
				111C37B32E09E36100FCA06D /* FirebaseStorage in Frameworks */,
				1149266F2DF241C5009F7AFA /* RealmSwift in Frameworks */,
				1188F98A2DF09230005B5328 /* FirebaseFunctions in Frameworks */,
				119F18A32E3B86E70085541F /* RevenueCat in Frameworks */,
				110E27332E37B00200F2F6B3 /* MessageKit in Frameworks */,
				1134036D2E3B81BB00CC4CA1 /* FirebaseCore in Frameworks */,
				114781F72E3A8E0E006E28E0 /* FirebaseAppCheck in Frameworks */,
			);
			runOnlyForDeploymentPostprocessing = 0;
		};
/* End PBXFrameworksBuildPhase section */

/* Begin PBXGroup section */
		11384DBE2E0A6E0F004E7AF3 /* Frameworks */ = {
			isa = PBXGroup;
			children = (
				11384DBF2E0A6E0F004E7AF3 /* WidgetKit.framework */,
				11384DC12E0A6E0F004E7AF3 /* SwiftUI.framework */,
			);
			name = Frameworks;
			sourceTree = "<group>";
		};
		11FE3CC72DF0C8B600F58DB2 /* Products */ = {
			isa = PBXGroup;
			name = Products;
			sourceTree = "<group>";
		};
		1A000030294A1234567890AB = {
			isa = PBXGroup;
			children = (
				111FCE442E3E78EC00433835 /* DailyChallenges.xcstrings */,
				1175AAD62E2599A200850937 /* InfoPlist.xcstrings */,
				1175AAA82E252E6100850937 /* Utils */,
				11849DDD2E251E4F000B9FCF /* MieuxEnsemble.xcstrings */,
				11849DDA2E251E47000B9FCF /* LesPlus Hots.xcstrings */,
				11849DD72E251E40000B9FCF /* Categories.xcstrings */,
				11849DD42E251E39000B9FCF /* TuPreferes.xcstrings */,
				11849DD12E251E32000B9FCF /* QuestionsProfondes.xcstrings */,
				11849DCE2E251E2B000B9FCF /* UI.xcstrings */,
				11849DCB2E251E24000B9FCF /* EnCouple.xcstrings */,
				11849DC82E251E1E000B9FCF /* ADistance.xcstrings */,
				11849DC52E251E1A000B9FCF /* PourUnDate.xcstrings */,
				11849DC22E251E16000B9FCF /* Localizable.xcstrings */,
				11849DBF2E251E14000B9FCF /* PourRire.xcstrings */,
				11384DDA2E0A6F1E004E7AF3 /* Love2LoveWidgetExtension.entitlements */,
				11FE3C9C2DF0C8B600F58DB2 /* App */,
				11FE3C9E2DF0C8B600F58DB2 /* Assets.xcassets */,
				11FE3C9F2DF0C8B600F58DB2 /* CoupleApp.entitlements */,
				11FE3CA02DF0C8B600F58DB2 /* CoupleApp.storekit */,
				11FE3CA12DF0C8B600F58DB2 /* CoupleApp.xcodeproj */,
				11FE3CA32DF0C8B600F58DB2 /* GoogleService-Info.plist */,
				11FE3CA62DF0C8B600F58DB2 /* Models */,
				11FE3CA92DF0C8B600F58DB2 /* README.md */,
				11FE3CAD2DF0C8B600F58DB2 /* Services */,
				11FE3CB02DF0C8B600F58DB2 /* ViewModels */,
				11FE3CC62DF0C8B600F58DB2 /* Views */,
				11384DC32E0A6E0F004E7AF3 /* Love2LoveWidget */,
				11384DBE2E0A6E0F004E7AF3 /* Frameworks */,
				1A000032294A1234567890AB /* Products */,
				11A0B95C2E30270000508826 /* DailyQuestions.xcstrings */,
			);
			sourceTree = "<group>";
		};
		1A000032294A1234567890AB /* Products */ = {
			isa = PBXGroup;
			children = (
				1A000001294A1234567890AA /* CoupleApp.app */,
				11384DBD2E0A6E0F004E7AF3 /* Love2LoveWidgetExtension.appex */,
			);
			name = Products;
			sourceTree = "<group>";
		};
/* End PBXGroup section */

/* Begin PBXNativeTarget section */
		11384DBC2E0A6E0F004E7AF3 /* Love2LoveWidgetExtension */ = {
			isa = PBXNativeTarget;
			buildConfigurationList = 11384DD82E0A6E11004E7AF3 /* Build configuration list for PBXNativeTarget "Love2LoveWidgetExtension" */;
			buildPhases = (
				11384DB92E0A6E0F004E7AF3 /* Sources */,
				11384DBA2E0A6E0F004E7AF3 /* Frameworks */,
				11384DBB2E0A6E0F004E7AF3 /* Resources */,
			);
			buildRules = (
			);
			dependencies = (
			);
			fileSystemSynchronizedGroups = (
				11384DC32E0A6E0F004E7AF3 /* Love2LoveWidget */,
			);
			name = Love2LoveWidgetExtension;
			packageProductDependencies = (
			);
			productName = Love2LoveWidgetExtension;
			productReference = 11384DBD2E0A6E0F004E7AF3 /* Love2LoveWidgetExtension.appex */;
			productType = "com.apple.product-type.app-extension";
		};
		1A000000294A1234567890A8 /* CoupleApp */ = {
			isa = PBXNativeTarget;
			buildConfigurationList = 1A00002A294A1234567890AB /* Build configuration list for PBXNativeTarget "CoupleApp" */;
			buildPhases = (
				1A000000294A1234567890A7 /* Sources */,
				1A000000294A1234567890A9 /* Frameworks */,
				1A000000294A1234567890AC /* Resources */,
				1149278D2DF243DD009F7AFA /* Embed Frameworks */,
				11384DD42E0A6E11004E7AF3 /* Embed Foundation Extensions */,
			);
			buildRules = (
			);
			dependencies = (
				11384DD22E0A6E11004E7AF3 /* PBXTargetDependency */,
			);
			fileSystemSynchronizedGroups = (
				1175AAA82E252E6100850937 /* Utils */,
				11FE3C9C2DF0C8B600F58DB2 /* App */,
				11FE3CA62DF0C8B600F58DB2 /* Models */,
				11FE3CAD2DF0C8B600F58DB2 /* Services */,
				11FE3CB02DF0C8B600F58DB2 /* ViewModels */,
				11FE3CC62DF0C8B600F58DB2 /* Views */,
			);
			name = CoupleApp;
			productName = CoupleApp;
			productReference = 1A000001294A1234567890AA /* CoupleApp.app */;
			productType = "com.apple.product-type.application";
		};
/* End PBXNativeTarget section */

/* Begin PBXProject section */
		1A000000294A1234567890A6 /* Project object */ = {
			isa = PBXProject;
			attributes = {
				BuildIndependentTargetsInParallel = 1;
				LastSwiftUpdateCheck = 1620;
				LastUpgradeCheck = 1620;
				TargetAttributes = {
					11384DBC2E0A6E0F004E7AF3 = {
						CreatedOnToolsVersion = 16.2;
					};
					1A000000294A1234567890A8 = {
						CreatedOnToolsVersion = 15.0;
					};
				};
			};
			buildConfigurationList = 1A000000294A1234567890A5 /* Build configuration list for PBXProject "CoupleApp" */;
			compatibilityVersion = "Xcode 14.0";
			developmentRegion = en;
			hasScannedForEncodings = 0;
			knownRegions = (
				en,
				Base,
				fr,
			);
			mainGroup = 1A000030294A1234567890AB;
			packageReferences = (
				1188F9842DF09230005B5328 /* XCRemoteSwiftPackageReference "firebase-ios-sdk" */,
				114926242DF23223009F7AFA /* XCRemoteSwiftPackageReference "realm-swift" */,
				111FEC642DF38CDD00CB1034 /* XCRemoteSwiftPackageReference "ConfettiSwiftUI" */,
				11414E752E33F8EE00C2D157 /* XCRemoteSwiftPackageReference "SwiftyCrop" */,
				110E27312E37B00200F2F6B3 /* XCRemoteSwiftPackageReference "MessageKit" */,
				114781FC2E3A913C006E28E0 /* XCRemoteSwiftPackageReference "swift-crypto" */,
				1134036B2E3B819E00CC4CA1 /* XCRemoteSwiftPackageReference "purchases-ios" */,
			);
			productRefGroup = 1A000032294A1234567890AB /* Products */;
			projectDirPath = "";
			projectReferences = (
				{
					ProductGroup = 11FE3CC72DF0C8B600F58DB2 /* Products */;
					ProjectRef = 11FE3CA12DF0C8B600F58DB2 /* CoupleApp.xcodeproj */;
				},
			);
			projectRoot = "";
			targets = (
				1A000000294A1234567890A8 /* CoupleApp */,
				11384DBC2E0A6E0F004E7AF3 /* Love2LoveWidgetExtension */,
			);
		};
/* End PBXProject section */

/* Begin PBXResourcesBuildPhase section */
		11384DBB2E0A6E0F004E7AF3 /* Resources */ = {
			isa = PBXResourcesBuildPhase;
			buildActionMask = 2147483647;
			files = (
				11849DDC2E251E4F000B9FCF /* LesPlus Hots.xcstrings in Resources */,
				11849DC72E251E1E000B9FCF /* PourUnDate.xcstrings in Resources */,
				11849DDF2E251E56000B9FCF /* MieuxEnsemble.xcstrings in Resources */,
				11849DD62E251E40000B9FCF /* TuPreferes.xcstrings in Resources */,
				11849DD92E251E47000B9FCF /* Categories.xcstrings in Resources */,
				11849DCD2E251E2B000B9FCF /* EnCouple.xcstrings in Resources */,
				1175AAD82E2599A300850937 /* InfoPlist.xcstrings in Resources */,
				11849DC42E251E1A000B9FCF /* Localizable.xcstrings in Resources */,
				11849DD02E251E32000B9FCF /* UI.xcstrings in Resources */,
				11849DD32E251E39000B9FCF /* QuestionsProfondes.xcstrings in Resources */,
				11849DCA2E251E24000B9FCF /* ADistance.xcstrings in Resources */,
				11849DC12E251E16000B9FCF /* PourRire.xcstrings in Resources */,
			);
			runOnlyForDeploymentPostprocessing = 0;
		};
		1A000000294A1234567890AC /* Resources */ = {
			isa = PBXResourcesBuildPhase;
			buildActionMask = 2147483647;
			files = (
				11849DD82E251E47000B9FCF /* Categories.xcstrings in Resources */,
				11FE3CCC2DF0C8B600F58DB2 /* README.md in Resources */,
				11849DC62E251E1E000B9FCF /* PourUnDate.xcstrings in Resources */,
				11A0B95D2E30270000508826 /* DailyQuestions.xcstrings in Resources */,
				11849DD52E251E40000B9FCF /* TuPreferes.xcstrings in Resources */,
				1175AAD72E2599A300850937 /* InfoPlist.xcstrings in Resources */,
				11849DC92E251E24000B9FCF /* ADistance.xcstrings in Resources */,
				11FE3CCD2DF0C8B600F58DB2 /* CoupleApp.storekit in Resources */,
				11849DCC2E251E2B000B9FCF /* EnCouple.xcstrings in Resources */,
				11849DD22E251E39000B9FCF /* QuestionsProfondes.xcstrings in Resources */,
				11849DC02E251E16000B9FCF /* PourRire.xcstrings in Resources */,
				11FE3CCE2DF0C8B600F58DB2 /* Assets.xcassets in Resources */,
				11849DCF2E251E32000B9FCF /* UI.xcstrings in Resources */,
				11849DC32E251E1A000B9FCF /* Localizable.xcstrings in Resources */,
				11849DDE2E251E56000B9FCF /* MieuxEnsemble.xcstrings in Resources */,
				11FE3CCF2DF0C8B600F58DB2 /* GoogleService-Info.plist in Resources */,
				11849DDB2E251E4F000B9FCF /* LesPlus Hots.xcstrings in Resources */,
				111FCE452E3E78EC00433835 /* DailyChallenges.xcstrings in Resources */,
			);
			runOnlyForDeploymentPostprocessing = 0;
		};
/* End PBXResourcesBuildPhase section */

/* Begin PBXSourcesBuildPhase section */
		11384DB92E0A6E0F004E7AF3 /* Sources */ = {
			isa = PBXSourcesBuildPhase;
			buildActionMask = 2147483647;
			files = (
			);
			runOnlyForDeploymentPostprocessing = 0;
		};
		1A000000294A1234567890A7 /* Sources */ = {
			isa = PBXSourcesBuildPhase;
			buildActionMask = 2147483647;
			files = (
			);
			runOnlyForDeploymentPostprocessing = 0;
		};
/* End PBXSourcesBuildPhase section */

/* Begin PBXTargetDependency section */
		11384DD22E0A6E11004E7AF3 /* PBXTargetDependency */ = {
			isa = PBXTargetDependency;
			target = 11384DBC2E0A6E0F004E7AF3 /* Love2LoveWidgetExtension */;
			targetProxy = 11384DD12E0A6E11004E7AF3 /* PBXContainerItemProxy */;
		};
/* End PBXTargetDependency section */

/* Begin XCBuildConfiguration section */
		11384DD52E0A6E11004E7AF3 /* Debug */ = {
			isa = XCBuildConfiguration;
			buildSettings = {
				ASSETCATALOG_COMPILER_GLOBAL_ACCENT_COLOR_NAME = AccentColor;
				ASSETCATALOG_COMPILER_WIDGET_BACKGROUND_COLOR_NAME = WidgetBackground;
				CODE_SIGN_ENTITLEMENTS = Love2LoveWidgetExtension.entitlements;
				CODE_SIGN_IDENTITY = "Apple Development";
				CODE_SIGN_STYLE = Automatic;
				CURRENT_PROJECT_VERSION = 1;
				DEVELOPMENT_TEAM = GMS9SB6YB7;
				GENERATE_INFOPLIST_FILE = YES;
				INFOPLIST_FILE = Love2LoveWidget/Info.plist;
				INFOPLIST_KEY_CFBundleDisplayName = Love2LoveWidget;
				INFOPLIST_KEY_NSHumanReadableCopyright = "";
				IPHONEOS_DEPLOYMENT_TARGET = 18.2;
				LD_RUNPATH_SEARCH_PATHS = (
					"$(inherited)",
					"@executable_path/Frameworks",
					"@executable_path/../../Frameworks",
				);
				MARKETING_VERSION = 1.0;
				PRODUCT_BUNDLE_IDENTIFIER = com.lyes.love2love.Love2LoveWidget;
				PRODUCT_NAME = "$(TARGET_NAME)";
				PROVISIONING_PROFILE_SPECIFIER = "";
				SKIP_INSTALL = YES;
				SWIFT_EMIT_LOC_STRINGS = YES;
				SWIFT_VERSION = 5.0;
				TARGETED_DEVICE_FAMILY = "1,2";
			};
			name = Debug;
		};
		11384DD62E0A6E11004E7AF3 /* Release */ = {
			isa = XCBuildConfiguration;
			buildSettings = {
				ASSETCATALOG_COMPILER_GLOBAL_ACCENT_COLOR_NAME = AccentColor;
				ASSETCATALOG_COMPILER_WIDGET_BACKGROUND_COLOR_NAME = WidgetBackground;
				CODE_SIGN_ENTITLEMENTS = Love2LoveWidgetExtension.entitlements;
				CODE_SIGN_IDENTITY = "Apple Development";
				CODE_SIGN_STYLE = Automatic;
				CURRENT_PROJECT_VERSION = 1;
				DEVELOPMENT_TEAM = GMS9SB6YB7;
				GENERATE_INFOPLIST_FILE = YES;
				INFOPLIST_FILE = Love2LoveWidget/Info.plist;
				INFOPLIST_KEY_CFBundleDisplayName = Love2LoveWidget;
				INFOPLIST_KEY_NSHumanReadableCopyright = "";
				IPHONEOS_DEPLOYMENT_TARGET = 18.2;
				LD_RUNPATH_SEARCH_PATHS = (
					"$(inherited)",
					"@executable_path/Frameworks",
					"@executable_path/../../Frameworks",
				);
				MARKETING_VERSION = 1.0;
				PRODUCT_BUNDLE_IDENTIFIER = com.lyes.love2love.Love2LoveWidget;
				PRODUCT_NAME = "$(TARGET_NAME)";
				PROVISIONING_PROFILE_SPECIFIER = "";
				SKIP_INSTALL = YES;
				SWIFT_EMIT_LOC_STRINGS = YES;
				SWIFT_VERSION = 5.0;
				TARGETED_DEVICE_FAMILY = "1,2";
			};
			name = Release;
		};
		1A00002B294A1234567890AB /* Debug */ = {
			isa = XCBuildConfiguration;
			buildSettings = {
				ALWAYS_SEARCH_USER_PATHS = NO;
				ASSETCATALOG_COMPILER_GENERATE_SWIFT_ASSET_SYMBOL_EXTENSIONS = YES;
				CLANG_ANALYZER_LOCALIZABILITY_NONLOCALIZED = YES;
				CLANG_ANALYZER_NONNULL = YES;
				CLANG_ANALYZER_NUMBER_OBJECT_CONVERSION = YES_AGGRESSIVE;
				CLANG_CXX_LANGUAGE_STANDARD = "gnu++20";
				CLANG_ENABLE_MODULES = YES;
				CLANG_ENABLE_OBJC_ARC = YES;
				CLANG_ENABLE_OBJC_WEAK = YES;
				CLANG_WARN_BLOCK_CAPTURE_AUTORELEASING = YES;
				CLANG_WARN_BOOL_CONVERSION = YES;
				CLANG_WARN_COMMA = YES;
				CLANG_WARN_CONSTANT_CONVERSION = YES;
				CLANG_WARN_DEPRECATED_OBJC_IMPLEMENTATIONS = YES;
				CLANG_WARN_DIRECT_OBJC_ISA_USAGE = YES_ERROR;
				CLANG_WARN_DOCUMENTATION_COMMENTS = YES;
				CLANG_WARN_EMPTY_BODY = YES;
				CLANG_WARN_ENUM_CONVERSION = YES;
				CLANG_WARN_INFINITE_RECURSION = YES;
				CLANG_WARN_INT_CONVERSION = YES;
				CLANG_WARN_NON_LITERAL_NULL_CONVERSION = YES;
				CLANG_WARN_OBJC_IMPLICIT_RETAIN_SELF = YES;
				CLANG_WARN_OBJC_LITERAL_CONVERSION = YES;
				CLANG_WARN_OBJC_ROOT_CLASS = YES_ERROR;
				CLANG_WARN_QUOTED_INCLUDE_IN_FRAMEWORK_HEADER = YES;
				CLANG_WARN_RANGE_LOOP_ANALYSIS = YES;
				CLANG_WARN_STRICT_PROTOTYPES = YES;
				CLANG_WARN_SUSPICIOUS_MOVE = YES;
				CLANG_WARN_UNGUARDED_AVAILABILITY = YES_AGGRESSIVE;
				CLANG_WARN_UNREACHABLE_CODE = YES;
				CLANG_WARN__DUPLICATE_METHOD_MATCH = YES;
				COPY_PHASE_STRIP = NO;
				DEBUG_INFORMATION_FORMAT = dwarf;
				ENABLE_STRICT_OBJC_MSGSEND = YES;
				ENABLE_TESTABILITY = YES;
				ENABLE_USER_SCRIPT_SANDBOXING = YES;
				GCC_C_LANGUAGE_STANDARD = gnu17;
				GCC_DYNAMIC_NO_PIC = NO;
				GCC_NO_COMMON_BLOCKS = YES;
				GCC_OPTIMIZATION_LEVEL = 0;
				GCC_PREPROCESSOR_DEFINITIONS = (
					"DEBUG=1",
					"$(inherited)",
				);
				GCC_WARN_64_TO_32_BIT_CONVERSION = YES;
				GCC_WARN_ABOUT_RETURN_TYPE = YES_ERROR;
				GCC_WARN_UNDECLARED_SELECTOR = YES;
				GCC_WARN_UNINITIALIZED_AUTOS = YES_AGGRESSIVE;
				GCC_WARN_UNUSED_FUNCTION = YES;
				GCC_WARN_UNUSED_VARIABLE = YES;
				IPHONEOS_DEPLOYMENT_TARGET = 17.0;
				LOCALIZATION_PREFERS_STRING_CATALOGS = YES;
				MTL_ENABLE_DEBUG_INFO = INCLUDE_SOURCE;
				MTL_FAST_MATH = YES;
				ONLY_ACTIVE_ARCH = YES;
				SDKROOT = iphoneos;
				SWIFT_ACTIVE_COMPILATION_CONDITIONS = "DEBUG $(inherited)";
				SWIFT_COMPILATION_MODE = singlefile;
				SWIFT_EMIT_LOC_STRINGS = YES;
				SWIFT_OPTIMIZATION_LEVEL = "-Onone";
			};
			name = Debug;
		};
		1A00002C294A1234567890AB /* Release */ = {
			isa = XCBuildConfiguration;
			buildSettings = {
				ALWAYS_SEARCH_USER_PATHS = NO;
				ASSETCATALOG_COMPILER_GENERATE_SWIFT_ASSET_SYMBOL_EXTENSIONS = YES;
				CLANG_ANALYZER_LOCALIZABILITY_NONLOCALIZED = YES;
				CLANG_ANALYZER_NONNULL = YES;
				CLANG_ANALYZER_NUMBER_OBJECT_CONVERSION = YES_AGGRESSIVE;
				CLANG_CXX_LANGUAGE_STANDARD = "gnu++20";
				CLANG_ENABLE_MODULES = YES;
				CLANG_ENABLE_OBJC_ARC = YES;
				CLANG_ENABLE_OBJC_WEAK = YES;
				CLANG_WARN_BLOCK_CAPTURE_AUTORELEASING = YES;
				CLANG_WARN_BOOL_CONVERSION = YES;
				CLANG_WARN_COMMA = YES;
				CLANG_WARN_CONSTANT_CONVERSION = YES;
				CLANG_WARN_DEPRECATED_OBJC_IMPLEMENTATIONS = YES;
				CLANG_WARN_DIRECT_OBJC_ISA_USAGE = YES_ERROR;
				CLANG_WARN_DOCUMENTATION_COMMENTS = YES;
				CLANG_WARN_EMPTY_BODY = YES;
				CLANG_WARN_ENUM_CONVERSION = YES;
				CLANG_WARN_INFINITE_RECURSION = YES;
				CLANG_WARN_INT_CONVERSION = YES;
				CLANG_WARN_NON_LITERAL_NULL_CONVERSION = YES;
				CLANG_WARN_OBJC_IMPLICIT_RETAIN_SELF = YES;
				CLANG_WARN_OBJC_LITERAL_CONVERSION = YES;
				CLANG_WARN_OBJC_ROOT_CLASS = YES_ERROR;
				CLANG_WARN_QUOTED_INCLUDE_IN_FRAMEWORK_HEADER = YES;
				CLANG_WARN_RANGE_LOOP_ANALYSIS = YES;
				CLANG_WARN_STRICT_PROTOTYPES = YES;
				CLANG_WARN_SUSPICIOUS_MOVE = YES;
				CLANG_WARN_UNGUARDED_AVAILABILITY = YES_AGGRESSIVE;
				CLANG_WARN_UNREACHABLE_CODE = YES;
				CLANG_WARN__DUPLICATE_METHOD_MATCH = YES;
				COPY_PHASE_STRIP = NO;
				DEBUG_INFORMATION_FORMAT = dwarf;
				ENABLE_NS_ASSERTIONS = NO;
				ENABLE_STRICT_OBJC_MSGSEND = YES;
				ENABLE_USER_SCRIPT_SANDBOXING = YES;
				GCC_C_LANGUAGE_STANDARD = gnu17;
				GCC_NO_COMMON_BLOCKS = YES;
				GCC_OPTIMIZATION_LEVEL = 0;
				GCC_WARN_64_TO_32_BIT_CONVERSION = YES;
				GCC_WARN_ABOUT_RETURN_TYPE = YES_ERROR;
				GCC_WARN_UNDECLARED_SELECTOR = YES;
				GCC_WARN_UNINITIALIZED_AUTOS = YES_AGGRESSIVE;
				GCC_WARN_UNUSED_FUNCTION = YES;
				GCC_WARN_UNUSED_VARIABLE = YES;
				IPHONEOS_DEPLOYMENT_TARGET = 17.0;
				LOCALIZATION_PREFERS_STRING_CATALOGS = YES;
				MTL_ENABLE_DEBUG_INFO = NO;
				MTL_FAST_MATH = YES;
				ONLY_ACTIVE_ARCH = YES;
				SDKROOT = iphoneos;
				SWIFT_COMPILATION_MODE = singlefile;
				SWIFT_EMIT_LOC_STRINGS = YES;
				VALIDATE_PRODUCT = YES;
			};
			name = Release;
		};
		1A00002D294A1234567890AB /* Debug */ = {
			isa = XCBuildConfiguration;
			buildSettings = {
				ASSETCATALOG_COMPILER_APPICON_NAME = AppIcon;
				ASSETCATALOG_COMPILER_GLOBAL_ACCENT_COLOR_NAME = AccentColor;
				CODE_SIGN_ENTITLEMENTS = CoupleApp.entitlements;
				CODE_SIGN_IDENTITY = "Apple Development";
				CODE_SIGN_STYLE = Automatic;
				CURRENT_PROJECT_VERSION = 3;
				DEVELOPMENT_ASSET_PATHS = "";
				DEVELOPMENT_TEAM = GMS9SB6YB7;
				ENABLE_PREVIEWS = YES;
				GENERATE_INFOPLIST_FILE = NO;
				INFOPLIST_FILE = Info.plist;
				INFOPLIST_KEY_LSApplicationCategoryType = "public.app-category.entertainment";
				INFOPLIST_KEY_UIApplicationSceneManifest_Generation = YES;
				INFOPLIST_KEY_UIApplicationSupportsIndirectInputEvents = YES;
				INFOPLIST_KEY_UILaunchScreen_Generation = YES;
				INFOPLIST_KEY_UISupportedInterfaceOrientations = UIInterfaceOrientationPortrait;
				LD_RUNPATH_SEARCH_PATHS = (
					"$(inherited)",
					"@executable_path/Frameworks",
				);
				MARKETING_VERSION = 1.81;
				PRODUCT_BUNDLE_IDENTIFIER = com.lyes.love2love;
				PRODUCT_NAME = "$(TARGET_NAME)";
				PROVISIONING_PROFILE_SPECIFIER = "";
				SUPPORTED_PLATFORMS = "iphoneos iphonesimulator";
				SUPPORTS_MACCATALYST = NO;
				SUPPORTS_MAC_DESIGNED_FOR_IPHONE_IPAD = NO;
				SUPPORTS_XR_DESIGNED_FOR_IPHONE_IPAD = NO;
				SWIFT_EMIT_LOC_STRINGS = YES;
				SWIFT_VERSION = 5.0;
				TARGETED_DEVICE_FAMILY = 1;
			};
			name = Debug;
		};
		1A00002E294A1234567890AB /* Release */ = {
			isa = XCBuildConfiguration;
			buildSettings = {
				ASSETCATALOG_COMPILER_APPICON_NAME = AppIcon;
				ASSETCATALOG_COMPILER_GLOBAL_ACCENT_COLOR_NAME = AccentColor;
				CODE_SIGN_ENTITLEMENTS = CoupleApp.entitlements;
				CODE_SIGN_IDENTITY = "Apple Development";
				CODE_SIGN_STYLE = Automatic;
				CURRENT_PROJECT_VERSION = 3;
				DEVELOPMENT_ASSET_PATHS = "";
				DEVELOPMENT_TEAM = GMS9SB6YB7;
				ENABLE_PREVIEWS = YES;
				GENERATE_INFOPLIST_FILE = NO;
				INFOPLIST_FILE = Info.plist;
				INFOPLIST_KEY_LSApplicationCategoryType = "public.app-category.entertainment";
				INFOPLIST_KEY_UIApplicationSceneManifest_Generation = YES;
				INFOPLIST_KEY_UIApplicationSupportsIndirectInputEvents = YES;
				INFOPLIST_KEY_UILaunchScreen_Generation = YES;
				INFOPLIST_KEY_UISupportedInterfaceOrientations = UIInterfaceOrientationPortrait;
				LD_RUNPATH_SEARCH_PATHS = (
					"$(inherited)",
					"@executable_path/Frameworks",
				);
				MARKETING_VERSION = 1.81;
				PRODUCT_BUNDLE_IDENTIFIER = com.lyes.love2love;
				PRODUCT_NAME = "$(TARGET_NAME)";
				PROVISIONING_PROFILE_SPECIFIER = "";
				SUPPORTED_PLATFORMS = "iphoneos iphonesimulator";
				SUPPORTS_MACCATALYST = NO;
				SUPPORTS_MAC_DESIGNED_FOR_IPHONE_IPAD = NO;
				SUPPORTS_XR_DESIGNED_FOR_IPHONE_IPAD = NO;
				SWIFT_EMIT_LOC_STRINGS = YES;
				SWIFT_VERSION = 5.0;
				TARGETED_DEVICE_FAMILY = 1;
			};
			name = Release;
		};
/* End XCBuildConfiguration section */

/* Begin XCConfigurationList section */
		11384DD82E0A6E11004E7AF3 /* Build configuration list for PBXNativeTarget "Love2LoveWidgetExtension" */ = {
			isa = XCConfigurationList;
			buildConfigurations = (
				11384DD52E0A6E11004E7AF3 /* Debug */,
				11384DD62E0A6E11004E7AF3 /* Release */,
			);
			defaultConfigurationIsVisible = 0;
			defaultConfigurationName = Release;
		};
		1A000000294A1234567890A5 /* Build configuration list for PBXProject "CoupleApp" */ = {
			isa = XCConfigurationList;
			buildConfigurations = (
				1A00002B294A1234567890AB /* Debug */,
				1A00002C294A1234567890AB /* Release */,
			);
			defaultConfigurationIsVisible = 0;
			defaultConfigurationName = Release;
		};
		1A00002A294A1234567890AB /* Build configuration list for PBXNativeTarget "CoupleApp" */ = {
			isa = XCConfigurationList;
			buildConfigurations = (
				1A00002D294A1234567890AB /* Debug */,
				1A00002E294A1234567890AB /* Release */,
			);
			defaultConfigurationIsVisible = 0;
			defaultConfigurationName = Release;
		};
/* End XCConfigurationList section */

/* Begin XCRemoteSwiftPackageReference section */
		110E27312E37B00200F2F6B3 /* XCRemoteSwiftPackageReference "MessageKit" */ = {
			isa = XCRemoteSwiftPackageReference;
			repositoryURL = "https://github.com/MessageKit/MessageKit";
			requirement = {
				kind = upToNextMajorVersion;
				minimumVersion = 5.0.0;
			};
		};
		111FEC642DF38CDD00CB1034 /* XCRemoteSwiftPackageReference "ConfettiSwiftUI" */ = {
			isa = XCRemoteSwiftPackageReference;
			repositoryURL = "https://github.com/simibac/ConfettiSwiftUI";
			requirement = {
				kind = upToNextMajorVersion;
				minimumVersion = 2.0.3;
			};
		};
		1134036B2E3B819E00CC4CA1 /* XCRemoteSwiftPackageReference "purchases-ios" */ = {
			isa = XCRemoteSwiftPackageReference;
			repositoryURL = "https://github.com/RevenueCat/purchases-ios";
			requirement = {
				kind = upToNextMajorVersion;
				minimumVersion = 5.33.1;
			};
		};
		11414E752E33F8EE00C2D157 /* XCRemoteSwiftPackageReference "SwiftyCrop" */ = {
			isa = XCRemoteSwiftPackageReference;
			repositoryURL = "https://github.com/benedom/SwiftyCrop?tab=readme-ov-file";
			requirement = {
				branch = master;
				kind = branch;
			};
		};
		114781FC2E3A913C006E28E0 /* XCRemoteSwiftPackageReference "swift-crypto" */ = {
			isa = XCRemoteSwiftPackageReference;
			repositoryURL = "https://github.com/apple/swift-crypto.git";
			requirement = {
				kind = upToNextMajorVersion;
				minimumVersion = 3.13.3;
			};
		};
		114926242DF23223009F7AFA /* XCRemoteSwiftPackageReference "realm-swift" */ = {
			isa = XCRemoteSwiftPackageReference;
			repositoryURL = "https://github.com/realm/realm-swift.git";
			requirement = {
				branch = master;
				kind = branch;
			};
		};
		1188F9842DF09230005B5328 /* XCRemoteSwiftPackageReference "firebase-ios-sdk" */ = {
			isa = XCRemoteSwiftPackageReference;
			repositoryURL = "https://github.com/firebase/firebase-ios-sdk.git";
			requirement = {
				kind = upToNextMajorVersion;
				minimumVersion = 11.14.0;
			};
		};
/* End XCRemoteSwiftPackageReference section */

/* Begin XCSwiftPackageProductDependency section */
		110E27322E37B00200F2F6B3 /* MessageKit */ = {
			isa = XCSwiftPackageProductDependency;
			package = 110E27312E37B00200F2F6B3 /* XCRemoteSwiftPackageReference "MessageKit" */;
			productName = MessageKit;
		};
		111C37B22E09E36100FCA06D /* FirebaseStorage */ = {
			isa = XCSwiftPackageProductDependency;
			package = 1188F9842DF09230005B5328 /* XCRemoteSwiftPackageReference "firebase-ios-sdk" */;
			productName = FirebaseStorage;
		};
		111FEC652DF38CDD00CB1034 /* ConfettiSwiftUI */ = {
			isa = XCSwiftPackageProductDependency;
			package = 111FEC642DF38CDD00CB1034 /* XCRemoteSwiftPackageReference "ConfettiSwiftUI" */;
			productName = ConfettiSwiftUI;
		};
		1134036C2E3B81BB00CC4CA1 /* FirebaseCore */ = {
			isa = XCSwiftPackageProductDependency;
			productName = FirebaseCore;
		};
		11414E762E33F8EE00C2D157 /* SwiftyCrop */ = {
			isa = XCSwiftPackageProductDependency;
			package = 11414E752E33F8EE00C2D157 /* XCRemoteSwiftPackageReference "SwiftyCrop" */;
			productName = SwiftyCrop;
		};
		114781F62E3A8E0E006E28E0 /* FirebaseAppCheck */ = {
			isa = XCSwiftPackageProductDependency;
			productName = FirebaseAppCheck;
		};
		114926252DF23223009F7AFA /* RealmSwift */ = {
			isa = XCSwiftPackageProductDependency;
			package = 114926242DF23223009F7AFA /* XCRemoteSwiftPackageReference "realm-swift" */;
			productName = RealmSwift;
		};
		1149266E2DF241C5009F7AFA /* RealmSwift */ = {
			isa = XCSwiftPackageProductDependency;
			package = 114926242DF23223009F7AFA /* XCRemoteSwiftPackageReference "realm-swift" */;
			productName = RealmSwift;
		};
		1188F9852DF09230005B5328 /* FirebaseAuth */ = {
			isa = XCSwiftPackageProductDependency;
			package = 1188F9842DF09230005B5328 /* XCRemoteSwiftPackageReference "firebase-ios-sdk" */;
			productName = FirebaseAuth;
		};
		1188F9872DF09230005B5328 /* FirebaseFirestore */ = {
			isa = XCSwiftPackageProductDependency;
			package = 1188F9842DF09230005B5328 /* XCRemoteSwiftPackageReference "firebase-ios-sdk" */;
			productName = FirebaseFirestore;
		};
		1188F9892DF09230005B5328 /* FirebaseFunctions */ = {
			isa = XCSwiftPackageProductDependency;
			package = 1188F9842DF09230005B5328 /* XCRemoteSwiftPackageReference "firebase-ios-sdk" */;
			productName = FirebaseFunctions;
		};
		119F18A22E3B86E70085541F /* RevenueCat */ = {
			isa = XCSwiftPackageProductDependency;
			package = 1134036B2E3B819E00CC4CA1 /* XCRemoteSwiftPackageReference "purchases-ios" */;
			productName = RevenueCat;
		};
		119F18A42E3B8E210085541F /* FirebaseAnalytics */ = {
			isa = XCSwiftPackageProductDependency;
			productName = FirebaseAnalytics;
		};
		11D7F2532E326D560019BC3E /* FirebaseMessaging */ = {
			isa = XCSwiftPackageProductDependency;
			package = 1188F9842DF09230005B5328 /* XCRemoteSwiftPackageReference "firebase-ios-sdk" */;
			productName = FirebaseMessaging;
		};
/* End XCSwiftPackageProductDependency section */
	};
	rootObject = 1A000000294A1234567890A6 /* Project object */;
}
